
Microsoft Visual Studio Solution File, Format Version 12.00
# Visual Studio Express 2013 for Windows Desktop
VisualStudioVersion = 12.0.30723.0
MinimumVisualStudioVersion = 10.0.40219.1
Project("{8BC9CEB8-8B4A-11D0-8D11-00A0C91BC942}") = "multimon", "multimon\multimon.vcxproj", "{6BB252CB-CBCF-405A-A946-A2FA9849786A}"
EndProject
Project("{8BC9CEB8-8B4A-11D0-8D11-00A0C91BC942}") = "mmhook", "mmhook\mmhook.vcxproj", "{17E8D1D5-1924-4748-9C52-A717F63ABE28}"
EndProject
Project("{8BC9CEB8-8B4A-11D0-8D11-00A0C91BC942}") = "mmproxy64", "mmproxy64\mmproxy64.vcxproj", "{4C30FE6C-957A-4911-B941-23E98BD92F53}"
EndProject
Global
	GlobalSection(SolutionConfigurationPlatforms) = preSolution
		Debug|Mixed Platforms = Debug|Mixed Platforms
		Debug|Win32 = Debug|Win32
		Debug|x64 = Debug|x64
		Release|Mixed Platforms = Release|Mixed Platforms
		Release|Win32 = Release|Win32
		Release|x64 = Release|x64
	EndGlobalSection
	GlobalSection(ProjectConfigurationPlatforms) = postSolution
		{6BB252CB-CBCF-405A-A946-A2FA9849786A}.Debug|Mixed Platforms.ActiveCfg = Debug|Win32
		{6BB252CB-CBCF-405A-A946-A2FA9849786A}.Debug|Mixed Platforms.Build.0 = Debug|Win32
		{6BB252CB-CBCF-405A-A946-A2FA9849786A}.Debug|Win32.ActiveCfg = Debug|Win32
		{6BB252CB-CBCF-405A-A946-A2FA9849786A}.Debug|Win32.Build.0 = Debug|Win32
		{6BB252CB-CBCF-405A-A946-A2FA9849786A}.Debug|x64.ActiveCfg = Debug|Win32
		{6BB252CB-CBCF-405A-A946-A2FA9849786A}.Release|Mixed Platforms.ActiveCfg = Release|Win32
		{6BB252CB-CBCF-405A-A946-A2FA9849786A}.Release|Mixed Platforms.Build.0 = Release|Win32
		{6BB252CB-CBCF-405A-A946-A2FA9849786A}.Release|Win32.ActiveCfg = Release|Win32
		{6BB252CB-CBCF-405A-A946-A2FA9849786A}.Release|Win32.Build.0 = Release|Win32
		{6BB252CB-CBCF-405A-A946-A2FA9849786A}.Release|x64.ActiveCfg = Release|Win32
		{17E8D1D5-1924-4748-9C52-A717F63ABE28}.Debug|Mixed Platforms.ActiveCfg = Debug|Win32
		{17E8D1D5-1924-4748-9C52-A717F63ABE28}.Debug|Mixed Platforms.Build.0 = Debug|Win32
		{17E8D1D5-1924-4748-9C52-A717F63ABE28}.Debug|Win32.ActiveCfg = Debug|x64
		{17E8D1D5-1924-4748-9C52-A717F63ABE28}.Debug|Win32.Build.0 = Debug|x64
		{17E8D1D5-1924-4748-9C52-A717F63ABE28}.Debug|x64.ActiveCfg = Debug|Win32
		{17E8D1D5-1924-4748-9C52-A717F63ABE28}.Release|Mixed Platforms.ActiveCfg = Release|Win32
		{17E8D1D5-1924-4748-9C52-A717F63ABE28}.Release|Mixed Platforms.Build.0 = Release|Win32
		{17E8D1D5-1924-4748-9C52-A717F63ABE28}.Release|Win32.ActiveCfg = Release|Win32
		{17E8D1D5-1924-4748-9C52-A717F63ABE28}.Release|Win32.Build.0 = Release|Win32
		{17E8D1D5-1924-4748-9C52-A717F63ABE28}.Release|x64.ActiveCfg = Release|Win32
		{4C30FE6C-957A-4911-B941-23E98BD92F53}.Debug|Mixed Platforms.ActiveCfg = Debug|Win32
		{4C30FE6C-957A-4911-B941-23E98BD92F53}.Debug|Mixed Platforms.Build.0 = Debug|Win32
		{4C30FE6C-957A-4911-B941-23E98BD92F53}.Debug|Win32.ActiveCfg = Debug|x64
		{4C30FE6C-957A-4911-B941-23E98BD92F53}.Debug|Win32.Build.0 = Debug|x64
		{4C30FE6C-957A-4911-B941-23E98BD92F53}.Debug|x64.ActiveCfg = Debug|Win32
		{4C30FE6C-957A-4911-B941-23E98BD92F53}.Release|Mixed Platforms.ActiveCfg = Release|Win32
		{4C30FE6C-957A-4911-B941-23E98BD92F53}.Release|Mixed Platforms.Build.0 = Release|Win32
		{4C30FE6C-957A-4911-B941-23E98BD92F53}.Release|Win32.ActiveCfg = Release|Win32
		{4C30FE6C-957A-4911-B941-23E98BD92F53}.Release|Win32.Build.0 = Release|Win32
		{4C30FE6C-957A-4911-B941-23E98BD92F53}.Release|x64.ActiveCfg = Release|Win32
	EndGlobalSection
	GlobalSection(SolutionProperties) = preSolution
		HideSolutionNode = FALSE
	EndGlobalSection
EndGlobal
